
Microsoft Visual Studio Solution File, Format Version 12.00
# Visual Studio 2017
Project("{FAE04EC0-301F-11D3-BF4B-00C04F79EFBC}") = "Pong_Battle", "Pong_Battle.csproj", "{2B4405B2-C04A-9433-FA78-A55D817A562A}"
EndProject
Global
	GlobalSection(SolutionConfigurationPlatforms) = preSolution
		Debug|Any CPU = Debug|Any CPU
		Release|Any CPU = Release|Any CPU
	EndGlobalSection
	GlobalSection(ProjectConfigurationPlatforms) = postSolution
		{2B4405B2-C04A-9433-FA78-A55D817A562A}.Debug|Any CPU.ActiveCfg = Debug|Any CPU
		{2B4405B2-C04A-9433-FA78-A55D817A562A}.Debug|Any CPU.Build.0 = Debug|Any CPU
		{2B4405B2-C04A-9433-FA78-A55D817A562A}.Release|Any CPU.ActiveCfg = Release|Any CPU
		{2B4405B2-C04A-9433-FA78-A55D817A562A}.Release|Any CPU.Build.0 = Release|Any CPU
	EndGlobalSection
	GlobalSection(SolutionProperties) = preSolution
		HideSolutionNode = FALSE
	EndGlobalSection
EndGlobal
